
Microsoft Visual Studio Solution File, Format Version 12.00
# Visual Studio Version 17
VisualStudioVersion = 17.14.36623.8
MinimumVisualStudioVersion = 10.0.40219.1
Project("{FAE04EC0-301F-11D3-BF4B-00C04F79EFBC}") = "FastTrak", "FastTrak.csproj", "{3AA17EC2-9692-46D9-9B30-851FE7451822}"
EndProject
Project("{FAE04EC0-301F-11D3-BF4B-00C04F79EFBC}") = "FastTrak.Api", "FastTrak.Api\FastTrak.Api.csproj", "{F8EBAAE9-A602-41B9-BB86-13D19153A9B4}"
EndProject
Global
	GlobalSection(SolutionConfigurationPlatforms) = preSolution
		Debug|Any CPU = Debug|Any CPU
		Debug|x64 = Debug|x64
		Debug|x86 = Debug|x86
		Release|Any CPU = Release|Any CPU
		Release|x64 = Release|x64
		Release|x86 = Release|x86
	EndGlobalSection
	GlobalSection(ProjectConfigurationPlatforms) = postSolution
		{3AA17EC2-9692-46D9-9B30-851FE7451822}.Debug|Any CPU.ActiveCfg = Debug|Any CPU
		{3AA17EC2-9692-46D9-9B30-851FE7451822}.Debug|Any CPU.Build.0 = Debug|Any CPU
		{3AA17EC2-9692-46D9-9B30-851FE7451822}.Debug|Any CPU.Deploy.0 = Debug|Any CPU
		{3AA17EC2-9692-46D9-9B30-851FE7451822}.Debug|x64.ActiveCfg = Debug|Any CPU
		{3AA17EC2-9692-46D9-9B30-851FE7451822}.Debug|x64.Build.0 = Debug|Any CPU
		{3AA17EC2-9692-46D9-9B30-851FE7451822}.Debug|x86.ActiveCfg = Debug|Any CPU
		{3AA17EC2-9692-46D9-9B30-851FE7451822}.Debug|x86.Build.0 = Debug|Any CPU
		{3AA17EC2-9692-46D9-9B30-851FE7451822}.Release|Any CPU.ActiveCfg = Release|Any CPU
		{3AA17EC2-9692-46D9-9B30-851FE7451822}.Release|Any CPU.Build.0 = Release|Any CPU
		{3AA17EC2-9692-46D9-9B30-851FE7451822}.Release|Any CPU.Deploy.0 = Release|Any CPU
		{3AA17EC2-9692-46D9-9B30-851FE7451822}.Release|x64.ActiveCfg = Release|Any CPU
		{3AA17EC2-9692-46D9-9B30-851FE7451822}.Release|x64.Build.0 = Release|Any CPU
		{3AA17EC2-9692-46D9-9B30-851FE7451822}.Release|x86.ActiveCfg = Release|Any CPU
		{3AA17EC2-9692-46D9-9B30-851FE7451822}.Release|x86.Build.0 = Release|Any CPU
		{F8EBAAE9-A602-41B9-BB86-13D19153A9B4}.Debug|Any CPU.ActiveCfg = Debug|Any CPU
		{F8EBAAE9-A602-41B9-BB86-13D19153A9B4}.Debug|Any CPU.Build.0 = Debug|Any CPU
		{F8EBAAE9-A602-41B9-BB86-13D19153A9B4}.Debug|x64.ActiveCfg = Debug|Any CPU
		{F8EBAAE9-A602-41B9-BB86-13D19153A9B4}.Debug|x64.Build.0 = Debug|Any CPU
		{F8EBAAE9-A602-41B9-BB86-13D19153A9B4}.Debug|x86.ActiveCfg = Debug|Any CPU
		{F8EBAAE9-A602-41B9-BB86-13D19153A9B4}.Debug|x86.Build.0 = Debug|Any CPU
		{F8EBAAE9-A602-41B9-BB86-13D19153A9B4}.Release|Any CPU.ActiveCfg = Release|Any CPU
		{F8EBAAE9-A602-41B9-BB86-13D19153A9B4}.Release|Any CPU.Build.0 = Release|Any CPU
		{F8EBAAE9-A602-41B9-BB86-13D19153A9B4}.Release|x64.ActiveCfg = Release|Any CPU
		{F8EBAAE9-A602-41B9-BB86-13D19153A9B4}.Release|x64.Build.0 = Release|Any CPU
		{F8EBAAE9-A602-41B9-BB86-13D19153A9B4}.Release|x86.ActiveCfg = Release|Any CPU
		{F8EBAAE9-A602-41B9-BB86-13D19153A9B4}.Release|x86.Build.0 = Release|Any CPU
	EndGlobalSection
	GlobalSection(SolutionProperties) = preSolution
		HideSolutionNode = FALSE
	EndGlobalSection
	GlobalSection(ExtensibilityGlobals) = postSolution
		SolutionGuid = {D19E30DD-CD46-4F0B-A8A9-2CAEAE23F4DD}
	EndGlobalSection
EndGlobal
